
Microsoft Visual Studio Solution File, Format Version 12.00
Project("{2150E333-8FDC-42A3-9474-1A3956D46DE8}") = "API", "API", "{8555A937-79D3-4E59-BCB8-62D3BACBFFB8}"
EndProject
Project("{FAE04EC0-301F-11D3-BF4B-00C04F79EFBC}") = "API", "API\API.csproj", "{3997C12E-0830-4524-BD0C-7590250E62E7}"
EndProject
Project("{2150E333-8FDC-42A3-9474-1A3956D46DE8}") = "BuildingBlocks", "BuildingBlocks", "{D359BCA5-4E70-41BE-A504-A263277178B6}"
EndProject
Project("{2150E333-8FDC-42A3-9474-1A3956D46DE8}") = "Modules", "Modules", "{0BD44583-5267-4B10-BD3C-48F2C6298028}"
EndProject
Project("{2150E333-8FDC-42A3-9474-1A3956D46DE8}") = "UserAccess", "UserAccess", "{A159A333-1C5A-4E84-9B6D-8094695BB897}"
EndProject
Project("{FAE04EC0-301F-11D3-BF4B-00C04F79EFBC}") = "BuildingBlocks.Application", "BuildingBlocks\BuildingBlocks.Application\BuildingBlocks.Application.csproj", "{64F0E655-7354-4397-9670-14D757B33F86}"
EndProject
Project("{FAE04EC0-301F-11D3-BF4B-00C04F79EFBC}") = "BuildingBlocks.Domain", "BuildingBlocks\BuildingBlocks.Domain\BuildingBlocks.Domain.csproj", "{5AC83000-2546-4B1B-91E9-31CEB3B71B59}"
EndProject
Project("{FAE04EC0-301F-11D3-BF4B-00C04F79EFBC}") = "BuildingBlocks.EventBus", "BuildingBlocks\BuildingBlocks.EventBus\BuildingBlocks.EventBus.csproj", "{4B20EA78-DF66-492D-8C27-B45198F4A880}"
EndProject
Project("{FAE04EC0-301F-11D3-BF4B-00C04F79EFBC}") = "BuildingBlocks.Infrastructure", "BuildingBlocks\BuildingBlocks.Infrastructure\BuildingBlocks.Infrastructure.csproj", "{EB3F72BB-709A-4750-BC5A-1A16B6B3A038}"
EndProject
Project("{FAE04EC0-301F-11D3-BF4B-00C04F79EFBC}") = "Modules.UserAccess.Application", "Modules\UserAccess\Modules.UserAccess.Application\Modules.UserAccess.Application.csproj", "{46B71330-D721-4833-8D31-41200217EA1C}"
EndProject
Project("{FAE04EC0-301F-11D3-BF4B-00C04F79EFBC}") = "Modules.UserAccess.Domain", "Modules\UserAccess\Modules.UserAccess.Domain\Modules.UserAccess.Domain.csproj", "{5BB3D993-BEDE-4142-B139-68658EF111C3}"
EndProject
Project("{FAE04EC0-301F-11D3-BF4B-00C04F79EFBC}") = "Modules.UserAccess.Infrastructure", "Modules\UserAccess\Modules.UserAccess.Infrastructure\Modules.UserAccess.Infrastructure.csproj", "{D921195D-0F99-4AFB-963C-43E99D8B3C23}"
EndProject
Project("{FAE04EC0-301F-11D3-BF4B-00C04F79EFBC}") = "Modules.UserAccess.IntegrationEvents", "Modules\UserAccess\Modules.UserAccess.IntegrationEvents\Modules.UserAccess.IntegrationEvents.csproj", "{F5699837-4150-4333-B9D3-2D12768ED3BE}"
EndProject
Project("{2150E333-8FDC-42A3-9474-1A3956D46DE8}") = "UI", "UI", "{905658B3-32F1-429E-9870-6817FCA8D528}"
EndProject
Project("{FAE04EC0-301F-11D3-BF4B-00C04F79EFBC}") = "UI", "UI\UI.csproj", "{6DDDBFF4-F7BD-47B3-A179-4749475A175E}"
EndProject
Global
	GlobalSection(SolutionConfigurationPlatforms) = preSolution
		Debug|Any CPU = Debug|Any CPU
		Release|Any CPU = Release|Any CPU
	EndGlobalSection
	GlobalSection(ProjectConfigurationPlatforms) = postSolution
		{3997C12E-0830-4524-BD0C-7590250E62E7}.Debug|Any CPU.ActiveCfg = Debug|Any CPU
		{3997C12E-0830-4524-BD0C-7590250E62E7}.Debug|Any CPU.Build.0 = Debug|Any CPU
		{3997C12E-0830-4524-BD0C-7590250E62E7}.Release|Any CPU.ActiveCfg = Release|Any CPU
		{3997C12E-0830-4524-BD0C-7590250E62E7}.Release|Any CPU.Build.0 = Release|Any CPU
		{64F0E655-7354-4397-9670-14D757B33F86}.Debug|Any CPU.ActiveCfg = Debug|Any CPU
		{64F0E655-7354-4397-9670-14D757B33F86}.Debug|Any CPU.Build.0 = Debug|Any CPU
		{64F0E655-7354-4397-9670-14D757B33F86}.Release|Any CPU.ActiveCfg = Release|Any CPU
		{64F0E655-7354-4397-9670-14D757B33F86}.Release|Any CPU.Build.0 = Release|Any CPU
		{5AC83000-2546-4B1B-91E9-31CEB3B71B59}.Debug|Any CPU.ActiveCfg = Debug|Any CPU
		{5AC83000-2546-4B1B-91E9-31CEB3B71B59}.Debug|Any CPU.Build.0 = Debug|Any CPU
		{5AC83000-2546-4B1B-91E9-31CEB3B71B59}.Release|Any CPU.ActiveCfg = Release|Any CPU
		{5AC83000-2546-4B1B-91E9-31CEB3B71B59}.Release|Any CPU.Build.0 = Release|Any CPU
		{4B20EA78-DF66-492D-8C27-B45198F4A880}.Debug|Any CPU.ActiveCfg = Debug|Any CPU
		{4B20EA78-DF66-492D-8C27-B45198F4A880}.Debug|Any CPU.Build.0 = Debug|Any CPU
		{4B20EA78-DF66-492D-8C27-B45198F4A880}.Release|Any CPU.ActiveCfg = Release|Any CPU
		{4B20EA78-DF66-492D-8C27-B45198F4A880}.Release|Any CPU.Build.0 = Release|Any CPU
		{EB3F72BB-709A-4750-BC5A-1A16B6B3A038}.Debug|Any CPU.ActiveCfg = Debug|Any CPU
		{EB3F72BB-709A-4750-BC5A-1A16B6B3A038}.Debug|Any CPU.Build.0 = Debug|Any CPU
		{EB3F72BB-709A-4750-BC5A-1A16B6B3A038}.Release|Any CPU.ActiveCfg = Release|Any CPU
		{EB3F72BB-709A-4750-BC5A-1A16B6B3A038}.Release|Any CPU.Build.0 = Release|Any CPU
		{46B71330-D721-4833-8D31-41200217EA1C}.Debug|Any CPU.ActiveCfg = Debug|Any CPU
		{46B71330-D721-4833-8D31-41200217EA1C}.Debug|Any CPU.Build.0 = Debug|Any CPU
		{46B71330-D721-4833-8D31-41200217EA1C}.Release|Any CPU.ActiveCfg = Release|Any CPU
		{46B71330-D721-4833-8D31-41200217EA1C}.Release|Any CPU.Build.0 = Release|Any CPU
		{5BB3D993-BEDE-4142-B139-68658EF111C3}.Debug|Any CPU.ActiveCfg = Debug|Any CPU
		{5BB3D993-BEDE-4142-B139-68658EF111C3}.Debug|Any CPU.Build.0 = Debug|Any CPU
		{5BB3D993-BEDE-4142-B139-68658EF111C3}.Release|Any CPU.ActiveCfg = Release|Any CPU
		{5BB3D993-BEDE-4142-B139-68658EF111C3}.Release|Any CPU.Build.0 = Release|Any CPU
		{D921195D-0F99-4AFB-963C-43E99D8B3C23}.Debug|Any CPU.ActiveCfg = Debug|Any CPU
		{D921195D-0F99-4AFB-963C-43E99D8B3C23}.Debug|Any CPU.Build.0 = Debug|Any CPU
		{D921195D-0F99-4AFB-963C-43E99D8B3C23}.Release|Any CPU.ActiveCfg = Release|Any CPU
		{D921195D-0F99-4AFB-963C-43E99D8B3C23}.Release|Any CPU.Build.0 = Release|Any CPU
		{F5699837-4150-4333-B9D3-2D12768ED3BE}.Debug|Any CPU.ActiveCfg = Debug|Any CPU
		{F5699837-4150-4333-B9D3-2D12768ED3BE}.Debug|Any CPU.Build.0 = Debug|Any CPU
		{F5699837-4150-4333-B9D3-2D12768ED3BE}.Release|Any CPU.ActiveCfg = Release|Any CPU
		{F5699837-4150-4333-B9D3-2D12768ED3BE}.Release|Any CPU.Build.0 = Release|Any CPU
		{6DDDBFF4-F7BD-47B3-A179-4749475A175E}.Debug|Any CPU.ActiveCfg = Debug|Any CPU
		{6DDDBFF4-F7BD-47B3-A179-4749475A175E}.Debug|Any CPU.Build.0 = Debug|Any CPU
		{6DDDBFF4-F7BD-47B3-A179-4749475A175E}.Release|Any CPU.ActiveCfg = Release|Any CPU
		{6DDDBFF4-F7BD-47B3-A179-4749475A175E}.Release|Any CPU.Build.0 = Release|Any CPU
	EndGlobalSection
	GlobalSection(NestedProjects) = preSolution
		{3997C12E-0830-4524-BD0C-7590250E62E7} = {8555A937-79D3-4E59-BCB8-62D3BACBFFB8}
		{A159A333-1C5A-4E84-9B6D-8094695BB897} = {0BD44583-5267-4B10-BD3C-48F2C6298028}
		{64F0E655-7354-4397-9670-14D757B33F86} = {D359BCA5-4E70-41BE-A504-A263277178B6}
		{5AC83000-2546-4B1B-91E9-31CEB3B71B59} = {D359BCA5-4E70-41BE-A504-A263277178B6}
		{4B20EA78-DF66-492D-8C27-B45198F4A880} = {D359BCA5-4E70-41BE-A504-A263277178B6}
		{EB3F72BB-709A-4750-BC5A-1A16B6B3A038} = {D359BCA5-4E70-41BE-A504-A263277178B6}
		{46B71330-D721-4833-8D31-41200217EA1C} = {A159A333-1C5A-4E84-9B6D-8094695BB897}
		{5BB3D993-BEDE-4142-B139-68658EF111C3} = {A159A333-1C5A-4E84-9B6D-8094695BB897}
		{D921195D-0F99-4AFB-963C-43E99D8B3C23} = {A159A333-1C5A-4E84-9B6D-8094695BB897}
		{F5699837-4150-4333-B9D3-2D12768ED3BE} = {A159A333-1C5A-4E84-9B6D-8094695BB897}
		{6DDDBFF4-F7BD-47B3-A179-4749475A175E} = {905658B3-32F1-429E-9870-6817FCA8D528}
	EndGlobalSection
EndGlobal
